// !$*UTF8*$!
{
	archiveVersion = 1;
	classes = {
	};
	objectVersion = 46;
	objects = {

/* Begin PBXBuildFile section */
		D8F25F621D9DB3D900E52A57 /* AppDelegate.swift in Sources */ = {isa = PBXBuildFile; fileRef = D8F25F611D9DB3D900E52A57 /* AppDelegate.swift */; };
		D8F25F641D9DB3D900E52A57 /* ViewController.swift in Sources */ = {isa = PBXBuildFile; fileRef = D8F25F631D9DB3D900E52A57 /* ViewController.swift */; };
		D8F25F671D9DB3D900E52A57 /* Main.storyboard in Resources */ = {isa = PBXBuildFile; fileRef = D8F25F651D9DB3D900E52A57 /* Main.storyboard */; };
		D8F25F6A1D9DB3D900E52A57 /* Sonoma_Test.xcdatamodeld in Sources */ = {isa = PBXBuildFile; fileRef = D8F25F681D9DB3D900E52A57 /* Sonoma_Test.xcdatamodeld */; };
		D8F25F6C1D9DB3D900E52A57 /* Assets.xcassets in Resources */ = {isa = PBXBuildFile; fileRef = D8F25F6B1D9DB3D900E52A57 /* Assets.xcassets */; };
		D8F25F6F1D9DB3D900E52A57 /* LaunchScreen.storyboard in Resources */ = {isa = PBXBuildFile; fileRef = D8F25F6D1D9DB3D900E52A57 /* LaunchScreen.storyboard */; };
		D8F25F7A1D9DB3D900E52A57 /* Sonoma_TestTests.swift in Sources */ = {isa = PBXBuildFile; fileRef = D8F25F791D9DB3D900E52A57 /* Sonoma_TestTests.swift */; };
		D8F25F851D9DB3D900E52A57 /* Sonoma_TestUITests.swift in Sources */ = {isa = PBXBuildFile; fileRef = D8F25F841D9DB3D900E52A57 /* Sonoma_TestUITests.swift */; };
		D8F260381D9F1DF500E52A57 /* SonomaCrashes.framework in Frameworks */ = {isa = PBXBuildFile; fileRef = D8F260351D9F1DF400E52A57 /* SonomaCrashes.framework */; };
		D8F260391D9F1DF500E52A57 /* SonomaCore.framework in Frameworks */ = {isa = PBXBuildFile; fileRef = D8F260361D9F1DF500E52A57 /* SonomaCore.framework */; };
		D8F2603A1D9F1DF500E52A57 /* SonomaAnalytics.framework in Frameworks */ = {isa = PBXBuildFile; fileRef = D8F260371D9F1DF500E52A57 /* SonomaAnalytics.framework */; };
/* End PBXBuildFile section */

/* Begin PBXContainerItemProxy section */
		D8F25F761D9DB3D900E52A57 /* PBXContainerItemProxy */ = {
			isa = PBXContainerItemProxy;
			containerPortal = D8F25F561D9DB3D900E52A57 /* Project object */;
			proxyType = 1;
			remoteGlobalIDString = D8F25F5D1D9DB3D900E52A57;
			remoteInfo = "Sonoma Test";
		};
		D8F25F811D9DB3D900E52A57 /* PBXContainerItemProxy */ = {
			isa = PBXContainerItemProxy;
			containerPortal = D8F25F561D9DB3D900E52A57 /* Project object */;
			proxyType = 1;
			remoteGlobalIDString = D8F25F5D1D9DB3D900E52A57;
			remoteInfo = "Sonoma Test";
		};
/* End PBXContainerItemProxy section */

/* Begin PBXFileReference section */
		D8F25F5E1D9DB3D900E52A57 /* Sonoma Test.app */ = {isa = PBXFileReference; explicitFileType = wrapper.application; includeInIndex = 0; path = "Sonoma Test.app"; sourceTree = BUILT_PRODUCTS_DIR; };
		D8F25F611D9DB3D900E52A57 /* AppDelegate.swift */ = {isa = PBXFileReference; lastKnownFileType = sourcecode.swift; path = AppDelegate.swift; sourceTree = "<group>"; };
		D8F25F631D9DB3D900E52A57 /* ViewController.swift */ = {isa = PBXFileReference; lastKnownFileType = sourcecode.swift; path = ViewController.swift; sourceTree = "<group>"; };
		D8F25F661D9DB3D900E52A57 /* Base */ = {isa = PBXFileReference; lastKnownFileType = file.storyboard; name = Base; path = Base.lproj/Main.storyboard; sourceTree = "<group>"; };
		D8F25F691D9DB3D900E52A57 /* Sonoma_Test.xcdatamodel */ = {isa = PBXFileReference; lastKnownFileType = wrapper.xcdatamodel; path = Sonoma_Test.xcdatamodel; sourceTree = "<group>"; };
		D8F25F6B1D9DB3D900E52A57 /* Assets.xcassets */ = {isa = PBXFileReference; lastKnownFileType = folder.assetcatalog; path = Assets.xcassets; sourceTree = "<group>"; };
		D8F25F6E1D9DB3D900E52A57 /* Base */ = {isa = PBXFileReference; lastKnownFileType = file.storyboard; name = Base; path = Base.lproj/LaunchScreen.storyboard; sourceTree = "<group>"; };
		D8F25F701D9DB3D900E52A57 /* Info.plist */ = {isa = PBXFileReference; lastKnownFileType = text.plist.xml; path = Info.plist; sourceTree = "<group>"; };
		D8F25F751D9DB3D900E52A57 /* Sonoma TestTests.xctest */ = {isa = PBXFileReference; explicitFileType = wrapper.cfbundle; includeInIndex = 0; path = "Sonoma TestTests.xctest"; sourceTree = BUILT_PRODUCTS_DIR; };
		D8F25F791D9DB3D900E52A57 /* Sonoma_TestTests.swift */ = {isa = PBXFileReference; lastKnownFileType = sourcecode.swift; path = Sonoma_TestTests.swift; sourceTree = "<group>"; };
		D8F25F7B1D9DB3D900E52A57 /* Info.plist */ = {isa = PBXFileReference; lastKnownFileType = text.plist.xml; path = Info.plist; sourceTree = "<group>"; };
		D8F25F801D9DB3D900E52A57 /* Sonoma TestUITests.xctest */ = {isa = PBXFileReference; explicitFileType = wrapper.cfbundle; includeInIndex = 0; path = "Sonoma TestUITests.xctest"; sourceTree = BUILT_PRODUCTS_DIR; };
		D8F25F841D9DB3D900E52A57 /* Sonoma_TestUITests.swift */ = {isa = PBXFileReference; lastKnownFileType = sourcecode.swift; path = Sonoma_TestUITests.swift; sourceTree = "<group>"; };
		D8F25F861D9DB3D900E52A57 /* Info.plist */ = {isa = PBXFileReference; lastKnownFileType = text.plist.xml; path = Info.plist; sourceTree = "<group>"; };
		D8F260351D9F1DF400E52A57 /* SonomaCrashes.framework */ = {isa = PBXFileReference; lastKnownFileType = wrapper.framework; path = SonomaCrashes.framework; sourceTree = "<group>"; };
		D8F260361D9F1DF500E52A57 /* SonomaCore.framework */ = {isa = PBXFileReference; lastKnownFileType = wrapper.framework; path = SonomaCore.framework; sourceTree = "<group>"; };
		D8F260371D9F1DF500E52A57 /* SonomaAnalytics.framework */ = {isa = PBXFileReference; lastKnownFileType = wrapper.framework; path = SonomaAnalytics.framework; sourceTree = "<group>"; };
/* End PBXFileReference section */

/* Begin PBXFrameworksBuildPhase section */
		D8F25F5B1D9DB3D900E52A57 /* Frameworks */ = {
			isa = PBXFrameworksBuildPhase;
			buildActionMask = 2147483647;
			files = (
				D8F260391D9F1DF500E52A57 /* SonomaCore.framework in Frameworks */,
				D8F260381D9F1DF500E52A57 /* SonomaCrashes.framework in Frameworks */,
				D8F2603A1D9F1DF500E52A57 /* SonomaAnalytics.framework in Frameworks */,
			);
			runOnlyForDeploymentPostprocessing = 0;
		};
		D8F25F721D9DB3D900E52A57 /* Frameworks */ = {
			isa = PBXFrameworksBuildPhase;
			buildActionMask = 2147483647;
			files = (
			);
			runOnlyForDeploymentPostprocessing = 0;
		};
		D8F25F7D1D9DB3D900E52A57 /* Frameworks */ = {
			isa = PBXFrameworksBuildPhase;
			buildActionMask = 2147483647;
			files = (
			);
			runOnlyForDeploymentPostprocessing = 0;
		};
/* End PBXFrameworksBuildPhase section */

/* Begin PBXGroup section */
		D8F25F551D9DB3D900E52A57 = {
			isa = PBXGroup;
			children = (
				D8F25F921D9DB48B00E52A57 /* Vendor */,
				D8F25F601D9DB3D900E52A57 /* Sonoma Test */,
				D8F25F781D9DB3D900E52A57 /* Sonoma TestTests */,
				D8F25F831D9DB3D900E52A57 /* Sonoma TestUITests */,
				D8F25F5F1D9DB3D900E52A57 /* Products */,
			);
			sourceTree = "<group>";
		};
		D8F25F5F1D9DB3D900E52A57 /* Products */ = {
			isa = PBXGroup;
			children = (
				D8F25F5E1D9DB3D900E52A57 /* Sonoma Test.app */,
				D8F25F751D9DB3D900E52A57 /* Sonoma TestTests.xctest */,
				D8F25F801D9DB3D900E52A57 /* Sonoma TestUITests.xctest */,
			);
			name = Products;
			sourceTree = "<group>";
		};
		D8F25F601D9DB3D900E52A57 /* Sonoma Test */ = {
			isa = PBXGroup;
			children = (
				D8F25F611D9DB3D900E52A57 /* AppDelegate.swift */,
				D8F25F631D9DB3D900E52A57 /* ViewController.swift */,
				D8F25F651D9DB3D900E52A57 /* Main.storyboard */,
				D8F25F6B1D9DB3D900E52A57 /* Assets.xcassets */,
				D8F25F6D1D9DB3D900E52A57 /* LaunchScreen.storyboard */,
				D8F25F701D9DB3D900E52A57 /* Info.plist */,
				D8F25F681D9DB3D900E52A57 /* Sonoma_Test.xcdatamodeld */,
			);
			path = "Sonoma Test";
			sourceTree = "<group>";
		};
		D8F25F781D9DB3D900E52A57 /* Sonoma TestTests */ = {
			isa = PBXGroup;
			children = (
				D8F25F791D9DB3D900E52A57 /* Sonoma_TestTests.swift */,
				D8F25F7B1D9DB3D900E52A57 /* Info.plist */,
			);
			path = "Sonoma TestTests";
			sourceTree = "<group>";
		};
		D8F25F831D9DB3D900E52A57 /* Sonoma TestUITests */ = {
			isa = PBXGroup;
			children = (
				D8F25F841D9DB3D900E52A57 /* Sonoma_TestUITests.swift */,
				D8F25F861D9DB3D900E52A57 /* Info.plist */,
			);
			path = "Sonoma TestUITests";
			sourceTree = "<group>";
		};
		D8F25F921D9DB48B00E52A57 /* Vendor */ = {
			isa = PBXGroup;
			children = (
				D8F260351D9F1DF400E52A57 /* SonomaCrashes.framework */,
				D8F260361D9F1DF500E52A57 /* SonomaCore.framework */,
				D8F260371D9F1DF500E52A57 /* SonomaAnalytics.framework */,
			);
			path = Vendor;
			sourceTree = "<group>";
		};
/* End PBXGroup section */

/* Begin PBXNativeTarget section */
		D8F25F5D1D9DB3D900E52A57 /* Sonoma Test */ = {
			isa = PBXNativeTarget;
			buildConfigurationList = D8F25F891D9DB3D900E52A57 /* Build configuration list for PBXNativeTarget "Sonoma Test" */;
			buildPhases = (
				D8F25F5A1D9DB3D900E52A57 /* Sources */,
				D8F25F5B1D9DB3D900E52A57 /* Frameworks */,
				D8F25F5C1D9DB3D900E52A57 /* Resources */,
			);
			buildRules = (
			);
			dependencies = (
			);
			name = "Sonoma Test";
			productName = "Sonoma Test";
			productReference = D8F25F5E1D9DB3D900E52A57 /* Sonoma Test.app */;
			productType = "com.apple.product-type.application";
		};
		D8F25F741D9DB3D900E52A57 /* Sonoma TestTests */ = {
			isa = PBXNativeTarget;
			buildConfigurationList = D8F25F8C1D9DB3D900E52A57 /* Build configuration list for PBXNativeTarget "Sonoma TestTests" */;
			buildPhases = (
				D8F25F711D9DB3D900E52A57 /* Sources */,
				D8F25F721D9DB3D900E52A57 /* Frameworks */,
				D8F25F731D9DB3D900E52A57 /* Resources */,
			);
			buildRules = (
			);
			dependencies = (
				D8F25F771D9DB3D900E52A57 /* PBXTargetDependency */,
			);
			name = "Sonoma TestTests";
			productName = "Sonoma TestTests";
			productReference = D8F25F751D9DB3D900E52A57 /* Sonoma TestTests.xctest */;
			productType = "com.apple.product-type.bundle.unit-test";
		};
		D8F25F7F1D9DB3D900E52A57 /* Sonoma TestUITests */ = {
			isa = PBXNativeTarget;
			buildConfigurationList = D8F25F8F1D9DB3D900E52A57 /* Build configuration list for PBXNativeTarget "Sonoma TestUITests" */;
			buildPhases = (
				D8F25F7C1D9DB3D900E52A57 /* Sources */,
				D8F25F7D1D9DB3D900E52A57 /* Frameworks */,
				D8F25F7E1D9DB3D900E52A57 /* Resources */,
			);
			buildRules = (
			);
			dependencies = (
				D8F25F821D9DB3D900E52A57 /* PBXTargetDependency */,
			);
			name = "Sonoma TestUITests";
			productName = "Sonoma TestUITests";
			productReference = D8F25F801D9DB3D900E52A57 /* Sonoma TestUITests.xctest */;
			productType = "com.apple.product-type.bundle.ui-testing";
		};
/* End PBXNativeTarget section */

/* Begin PBXProject section */
		D8F25F561D9DB3D900E52A57 /* Project object */ = {
			isa = PBXProject;
			attributes = {
				LastSwiftUpdateCheck = 0730;
				LastUpgradeCheck = 0730;
				ORGANIZATIONNAME = "Joseph Mellin";
				TargetAttributes = {
					D8F25F5D1D9DB3D900E52A57 = {
						CreatedOnToolsVersion = 7.3.1;
					};
					D8F25F741D9DB3D900E52A57 = {
						CreatedOnToolsVersion = 7.3.1;
						TestTargetID = D8F25F5D1D9DB3D900E52A57;
					};
					D8F25F7F1D9DB3D900E52A57 = {
						CreatedOnToolsVersion = 7.3.1;
						TestTargetID = D8F25F5D1D9DB3D900E52A57;
					};
				};
			};
			buildConfigurationList = D8F25F591D9DB3D900E52A57 /* Build configuration list for PBXProject "Sonoma Test" */;
			compatibilityVersion = "Xcode 3.2";
			developmentRegion = English;
			hasScannedForEncodings = 0;
			knownRegions = (
				en,
				Base,
			);
			mainGroup = D8F25F551D9DB3D900E52A57;
			productRefGroup = D8F25F5F1D9DB3D900E52A57 /* Products */;
			projectDirPath = "";
			projectRoot = "";
			targets = (
				D8F25F5D1D9DB3D900E52A57 /* Sonoma Test */,
				D8F25F741D9DB3D900E52A57 /* Sonoma TestTests */,
				D8F25F7F1D9DB3D900E52A57 /* Sonoma TestUITests */,
			);
		};
/* End PBXProject section */

/* Begin PBXResourcesBuildPhase section */
		D8F25F5C1D9DB3D900E52A57 /* Resources */ = {
			isa = PBXResourcesBuildPhase;
			buildActionMask = 2147483647;
			files = (
				D8F25F6F1D9DB3D900E52A57 /* LaunchScreen.storyboard in Resources */,
				D8F25F6C1D9DB3D900E52A57 /* Assets.xcassets in Resources */,
				D8F25F671D9DB3D900E52A57 /* Main.storyboard in Resources */,
			);
			runOnlyForDeploymentPostprocessing = 0;
		};
		D8F25F731D9DB3D900E52A57 /* Resources */ = {
			isa = PBXResourcesBuildPhase;
			buildActionMask = 2147483647;
			files = (
			);
			runOnlyForDeploymentPostprocessing = 0;
		};
		D8F25F7E1D9DB3D900E52A57 /* Resources */ = {
			isa = PBXResourcesBuildPhase;
			buildActionMask = 2147483647;
			files = (
			);
			runOnlyForDeploymentPostprocessing = 0;
		};
/* End PBXResourcesBuildPhase section */

/* Begin PBXSourcesBuildPhase section */
		D8F25F5A1D9DB3D900E52A57 /* Sources */ = {
			isa = PBXSourcesBuildPhase;
			buildActionMask = 2147483647;
			files = (
				D8F25F6A1D9DB3D900E52A57 /* Sonoma_Test.xcdatamodeld in Sources */,
				D8F25F641D9DB3D900E52A57 /* ViewController.swift in Sources */,
				D8F25F621D9DB3D900E52A57 /* AppDelegate.swift in Sources */,
			);
			runOnlyForDeploymentPostprocessing = 0;
		};
		D8F25F711D9DB3D900E52A57 /* Sources */ = {
			isa = PBXSourcesBuildPhase;
			buildActionMask = 2147483647;
			files = (
				D8F25F7A1D9DB3D900E52A57 /* Sonoma_TestTests.swift in Sources */,
			);
			runOnlyForDeploymentPostprocessing = 0;
		};
		D8F25F7C1D9DB3D900E52A57 /* Sources */ = {
			isa = PBXSourcesBuildPhase;
			buildActionMask = 2147483647;
			files = (
				D8F25F851D9DB3D900E52A57 /* Sonoma_TestUITests.swift in Sources */,
			);
			runOnlyForDeploymentPostprocessing = 0;
		};
/* End PBXSourcesBuildPhase section */

/* Begin PBXTargetDependency section */
		D8F25F771D9DB3D900E52A57 /* PBXTargetDependency */ = {
			isa = PBXTargetDependency;
			target = D8F25F5D1D9DB3D900E52A57 /* Sonoma Test */;
			targetProxy = D8F25F761D9DB3D900E52A57 /* PBXContainerItemProxy */;
		};
		D8F25F821D9DB3D900E52A57 /* PBXTargetDependency */ = {
			isa = PBXTargetDependency;
			target = D8F25F5D1D9DB3D900E52A57 /* Sonoma Test */;
			targetProxy = D8F25F811D9DB3D900E52A57 /* PBXContainerItemProxy */;
		};
/* End PBXTargetDependency section */

/* Begin PBXVariantGroup section */
		D8F25F651D9DB3D900E52A57 /* Main.storyboard */ = {
			isa = PBXVariantGroup;
			children = (
				D8F25F661D9DB3D900E52A57 /* Base */,
			);
			name = Main.storyboard;
			sourceTree = "<group>";
		};
		D8F25F6D1D9DB3D900E52A57 /* LaunchScreen.storyboard */ = {
			isa = PBXVariantGroup;
			children = (
				D8F25F6E1D9DB3D900E52A57 /* Base */,
			);
			name = LaunchScreen.storyboard;
			sourceTree = "<group>";
		};
/* End PBXVariantGroup section */

/* Begin XCBuildConfiguration section */
		D8F25F871D9DB3D900E52A57 /* Debug */ = {
			isa = XCBuildConfiguration;
			buildSettings = {
				ALWAYS_SEARCH_USER_PATHS = NO;
				CLANG_ANALYZER_NONNULL = YES;
				CLANG_CXX_LANGUAGE_STANDARD = "gnu++0x";
				CLANG_CXX_LIBRARY = "libc++";
				CLANG_ENABLE_MODULES = YES;
				CLANG_ENABLE_OBJC_ARC = YES;
				CLANG_WARN_BOOL_CONVERSION = YES;
				CLANG_WARN_CONSTANT_CONVERSION = YES;
				CLANG_WARN_DIRECT_OBJC_ISA_USAGE = YES_ERROR;
				CLANG_WARN_EMPTY_BODY = YES;
				CLANG_WARN_ENUM_CONVERSION = YES;
				CLANG_WARN_INT_CONVERSION = YES;
				CLANG_WARN_OBJC_ROOT_CLASS = YES_ERROR;
				CLANG_WARN_UNREACHABLE_CODE = YES;
				CLANG_WARN__DUPLICATE_METHOD_MATCH = YES;
				"CODE_SIGN_IDENTITY[sdk=iphoneos*]" = "iPhone Developer";
				COPY_PHASE_STRIP = NO;
				DEBUG_INFORMATION_FORMAT = dwarf;
				ENABLE_BITCODE = NO;
				ENABLE_STRICT_OBJC_MSGSEND = YES;
				ENABLE_TESTABILITY = YES;
				GCC_C_LANGUAGE_STANDARD = gnu99;
				GCC_DYNAMIC_NO_PIC = NO;
				GCC_NO_COMMON_BLOCKS = YES;
				GCC_OPTIMIZATION_LEVEL = 0;
				GCC_PREPROCESSOR_DEFINITIONS = (
					"DEBUG=1",
					"$(inherited)",
				);
				GCC_WARN_64_TO_32_BIT_CONVERSION = YES;
				GCC_WARN_ABOUT_RETURN_TYPE = YES_ERROR;
				GCC_WARN_UNDECLARED_SELECTOR = YES;
				GCC_WARN_UNINITIALIZED_AUTOS = YES_AGGRESSIVE;
				GCC_WARN_UNUSED_FUNCTION = YES;
				GCC_WARN_UNUSED_VARIABLE = YES;
				IPHONEOS_DEPLOYMENT_TARGET = 9.3;
				MTL_ENABLE_DEBUG_INFO = YES;
				ONLY_ACTIVE_ARCH = YES;
				SDKROOT = iphoneos;
				SWIFT_OPTIMIZATION_LEVEL = "-Onone";
				TARGETED_DEVICE_FAMILY = "1,2";
			};
			name = Debug;
		};
		D8F25F881D9DB3D900E52A57 /* Release */ = {
			isa = XCBuildConfiguration;
			buildSettings = {
				ALWAYS_SEARCH_USER_PATHS = NO;
				CLANG_ANALYZER_NONNULL = YES;
				CLANG_CXX_LANGUAGE_STANDARD = "gnu++0x";
				CLANG_CXX_LIBRARY = "libc++";
				CLANG_ENABLE_MODULES = YES;
				CLANG_ENABLE_OBJC_ARC = YES;
				CLANG_WARN_BOOL_CONVERSION = YES;
				CLANG_WARN_CONSTANT_CONVERSION = YES;
				CLANG_WARN_DIRECT_OBJC_ISA_USAGE = YES_ERROR;
				CLANG_WARN_EMPTY_BODY = YES;
				CLANG_WARN_ENUM_CONVERSION = YES;
				CLANG_WARN_INT_CONVERSION = YES;
				CLANG_WARN_OBJC_ROOT_CLASS = YES_ERROR;
				CLANG_WARN_UNREACHABLE_CODE = YES;
				CLANG_WARN__DUPLICATE_METHOD_MATCH = YES;
				"CODE_SIGN_IDENTITY[sdk=iphoneos*]" = "iPhone Developer";
				COPY_PHASE_STRIP = NO;
				DEBUG_INFORMATION_FORMAT = "dwarf-with-dsym";
				ENABLE_BITCODE = NO;
				ENABLE_NS_ASSERTIONS = NO;
				ENABLE_STRICT_OBJC_MSGSEND = YES;
				GCC_C_LANGUAGE_STANDARD = gnu99;
				GCC_NO_COMMON_BLOCKS = YES;
				GCC_WARN_64_TO_32_BIT_CONVERSION = YES;
				GCC_WARN_ABOUT_RETURN_TYPE = YES_ERROR;
				GCC_WARN_UNDECLARED_SELECTOR = YES;
				GCC_WARN_UNINITIALIZED_AUTOS = YES_AGGRESSIVE;
				GCC_WARN_UNUSED_FUNCTION = YES;
				GCC_WARN_UNUSED_VARIABLE = YES;
				IPHONEOS_DEPLOYMENT_TARGET = 9.3;
				MTL_ENABLE_DEBUG_INFO = NO;
				SDKROOT = iphoneos;
				TARGETED_DEVICE_FAMILY = "1,2";
				VALIDATE_PRODUCT = YES;
			};
			name = Release;
		};
		D8F25F8A1D9DB3D900E52A57 /* Debug */ = {
			isa = XCBuildConfiguration;
			buildSettings = {
				ASSETCATALOG_COMPILER_APPICON_NAME = AppIcon;
				FRAMEWORK_SEARCH_PATHS = (
					"$(inherited)",
					"$(PROJECT_DIR)/Vendor",
				);
				INFOPLIST_FILE = "Sonoma Test/Info.plist";
				LD_RUNPATH_SEARCH_PATHS = "$(inherited) @executable_path/Frameworks";
				PRODUCT_BUNDLE_IDENTIFIER = "test-1.Sonoma-Test";
				PRODUCT_NAME = "$(TARGET_NAME)";
			};
			name = Debug;
		};
		D8F25F8B1D9DB3D900E52A57 /* Release */ = {
			isa = XCBuildConfiguration;
			buildSettings = {
				ASSETCATALOG_COMPILER_APPICON_NAME = AppIcon;
				FRAMEWORK_SEARCH_PATHS = (
					"$(inherited)",
					"$(PROJECT_DIR)/Vendor",
				);
				INFOPLIST_FILE = "Sonoma Test/Info.plist";
				LD_RUNPATH_SEARCH_PATHS = "$(inherited) @executable_path/Frameworks";
				PRODUCT_BUNDLE_IDENTIFIER = "test-1.Sonoma-Test";
				PRODUCT_NAME = "$(TARGET_NAME)";
			};
			name = Release;
		};
		D8F25F8D1D9DB3D900E52A57 /* Debug */ = {
			isa = XCBuildConfiguration;
			buildSettings = {
				BUNDLE_LOADER = "$(TEST_HOST)";
				INFOPLIST_FILE = "Sonoma TestTests/Info.plist";
				LD_RUNPATH_SEARCH_PATHS = "$(inherited) @executable_path/Frameworks @loader_path/Frameworks";
				PRODUCT_BUNDLE_IDENTIFIER = "test-1.Sonoma-TestTests";
				PRODUCT_NAME = "$(TARGET_NAME)";
				TEST_HOST = "$(BUILT_PRODUCTS_DIR)/Sonoma Test.app/Sonoma Test";
			};
			name = Debug;
		};
		D8F25F8E1D9DB3D900E52A57 /* Release */ = {
			isa = XCBuildConfiguration;
			buildSettings = {
				BUNDLE_LOADER = "$(TEST_HOST)";
				INFOPLIST_FILE = "Sonoma TestTests/Info.plist";
				LD_RUNPATH_SEARCH_PATHS = "$(inherited) @executable_path/Frameworks @loader_path/Frameworks";
				PRODUCT_BUNDLE_IDENTIFIER = "test-1.Sonoma-TestTests";
				PRODUCT_NAME = "$(TARGET_NAME)";
				TEST_HOST = "$(BUILT_PRODUCTS_DIR)/Sonoma Test.app/Sonoma Test";
			};
			name = Release;
		};
		D8F25F901D9DB3D900E52A57 /* Debug */ = {
			isa = XCBuildConfiguration;
			buildSettings = {
				INFOPLIST_FILE = "Sonoma TestUITests/Info.plist";
				LD_RUNPATH_SEARCH_PATHS = "$(inherited) @executable_path/Frameworks @loader_path/Frameworks";
				PRODUCT_BUNDLE_IDENTIFIER = "test-1.Sonoma-TestUITests";
				PRODUCT_NAME = "$(TARGET_NAME)";
				TEST_TARGET_NAME = "Sonoma Test";
			};
			name = Debug;
		};
		D8F25F911D9DB3D900E52A57 /* Release */ = {
			isa = XCBuildConfiguration;
			buildSettings = {
				INFOPLIST_FILE = "Sonoma TestUITests/Info.plist";
				LD_RUNPATH_SEARCH_PATHS = "$(inherited) @executable_path/Frameworks @loader_path/Frameworks";
				PRODUCT_BUNDLE_IDENTIFIER = "test-1.Sonoma-TestUITests";
				PRODUCT_NAME = "$(TARGET_NAME)";
				TEST_TARGET_NAME = "Sonoma Test";
			};
			name = Release;
		};
/* End XCBuildConfiguration section */

/* Begin XCConfigurationList section */
		D8F25F591D9DB3D900E52A57 /* Build configuration list for PBXProject "Sonoma Test" */ = {
			isa = XCConfigurationList;
			buildConfigurations = (
				D8F25F871D9DB3D900E52A57 /* Debug */,
				D8F25F881D9DB3D900E52A57 /* Release */,
			);
			defaultConfigurationIsVisible = 0;
			defaultConfigurationName = Release;
		};
		D8F25F891D9DB3D900E52A57 /* Build configuration list for PBXNativeTarget "Sonoma Test" */ = {
			isa = XCConfigurationList;
			buildConfigurations = (
				D8F25F8A1D9DB3D900E52A57 /* Debug */,
				D8F25F8B1D9DB3D900E52A57 /* Release */,
			);
			defaultConfigurationIsVisible = 0;
			defaultConfigurationName = Release;
		};
		D8F25F8C1D9DB3D900E52A57 /* Build configuration list for PBXNativeTarget "Sonoma TestTests" */ = {
			isa = XCConfigurationList;
			buildConfigurations = (
				D8F25F8D1D9DB3D900E52A57 /* Debug */,
				D8F25F8E1D9DB3D900E52A57 /* Release */,
			);
			defaultConfigurationIsVisible = 0;
			defaultConfigurationName = Release;
		};
		D8F25F8F1D9DB3D900E52A57 /* Build configuration list for PBXNativeTarget "Sonoma TestUITests" */ = {
			isa = XCConfigurationList;
			buildConfigurations = (
				D8F25F901D9DB3D900E52A57 /* Debug */,
				D8F25F911D9DB3D900E52A57 /* Release */,
			);
			defaultConfigurationIsVisible = 0;
			defaultConfigurationName = Release;
		};
/* End XCConfigurationList section */

/* Begin XCVersionGroup section */
		D8F25F681D9DB3D900E52A57 /* Sonoma_Test.xcdatamodeld */ = {
			isa = XCVersionGroup;
			children = (
				D8F25F691D9DB3D900E52A57 /* Sonoma_Test.xcdatamodel */,
			);
			currentVersion = D8F25F691D9DB3D900E52A57 /* Sonoma_Test.xcdatamodel */;
			path = Sonoma_Test.xcdatamodeld;
			sourceTree = "<group>";
			versionGroupType = wrapper.xcdatamodel;
		};
/* End XCVersionGroup section */
	};
	rootObject = D8F25F561D9DB3D900E52A57 /* Project object */;
}
